
Microsoft Visual Studio Solution File, Format Version 12.00
# Visual Studio 15
VisualStudioVersion = 15.0.28307.960
MinimumVisualStudioVersion = 10.0.40219.1
Project("{FAE04EC0-301F-11D3-BF4B-00C04F79EFBC}") = "Automobile", "Automobile\Automobile.csproj", "{A1601889-E5BA-4E5B-913A-F68598C3CFFC}"
EndProject
Global
	GlobalSection(SolutionConfigurationPlatforms) = preSolution
		Debug|Any CPU = Debug|Any CPU
		Release|Any CPU = Release|Any CPU
	EndGlobalSection
	GlobalSection(ProjectConfigurationPlatforms) = postSolution
		{A1601889-E5BA-4E5B-913A-F68598C3CFFC}.Debug|Any CPU.ActiveCfg = Debug|Any CPU
		{A1601889-E5BA-4E5B-913A-F68598C3CFFC}.Debug|Any CPU.Build.0 = Debug|Any CPU
		{A1601889-E5BA-4E5B-913A-F68598C3CFFC}.Release|Any CPU.ActiveCfg = Release|Any CPU
		{A1601889-E5BA-4E5B-913A-F68598C3CFFC}.Release|Any CPU.Build.0 = Release|Any CPU
	EndGlobalSection
	GlobalSection(SolutionProperties) = preSolution
		HideSolutionNode = FALSE
	EndGlobalSection
	GlobalSection(ExtensibilityGlobals) = postSolution
		SolutionGuid = {6C47C5EA-E6E0-43F5-8B2E-8B6ECC9B265C}
	EndGlobalSection
EndGlobal
